
Microsoft Visual Studio Solution File, Format Version 11.00
# Visual Studio Version 16

Project("{8BC9CEB8-8B4A-11D0-8D11-00A0C91BC942}") = "SoyKhaler-AIRGEN - VST3", "SoyKhaler-AIRGEN_VST3.vcxproj", "{A88DB5AD-4A28-B3CF-C161-F8F53E749476}"
	ProjectSection(ProjectDependencies) = postProject
		{F3B3FA9F-88B4-A025-453D-9571DF155B48} = {F3B3FA9F-88B4-A025-453D-9571DF155B48}
		{CCF8AE61-8510-43F3-14C1-FC4B834A2EC5} = {CCF8AE61-8510-43F3-14C1-FC4B834A2EC5}
	EndProjectSection
EndProject
Project("{8BC9CEB8-8B4A-11D0-8D11-00A0C91BC942}") = "SoyKhaler-AIRGEN - Shared Code", "SoyKhaler-AIRGEN_SharedCode.vcxproj", "{F3B3FA9F-88B4-A025-453D-9571DF155B48}"
EndProject
Project("{8BC9CEB8-8B4A-11D0-8D11-00A0C91BC942}") = "SoyKhaler-AIRGEN - VST3 Manifest Helper", "SoyKhaler-AIRGEN_VST3ManifestHelper.vcxproj", "{CCF8AE61-8510-43F3-14C1-FC4B834A2EC5}"
EndProject
Global
	GlobalSection(SolutionConfigurationPlatforms) = preSolution
		Debug|x64 = Debug|x64
		Release|x64 = Release|x64
	EndGlobalSection
	GlobalSection(ProjectConfigurationPlatforms) = postSolution
		{A88DB5AD-4A28-B3CF-C161-F8F53E749476}.Debug|x64.ActiveCfg = Debug|x64
		{A88DB5AD-4A28-B3CF-C161-F8F53E749476}.Debug|x64.Build.0 = Debug|x64
		{A88DB5AD-4A28-B3CF-C161-F8F53E749476}.Release|x64.ActiveCfg = Release|x64
		{A88DB5AD-4A28-B3CF-C161-F8F53E749476}.Release|x64.Build.0 = Release|x64
		{F3B3FA9F-88B4-A025-453D-9571DF155B48}.Debug|x64.ActiveCfg = Debug|x64
		{F3B3FA9F-88B4-A025-453D-9571DF155B48}.Debug|x64.Build.0 = Debug|x64
		{F3B3FA9F-88B4-A025-453D-9571DF155B48}.Release|x64.ActiveCfg = Release|x64
		{F3B3FA9F-88B4-A025-453D-9571DF155B48}.Release|x64.Build.0 = Release|x64
		{CCF8AE61-8510-43F3-14C1-FC4B834A2EC5}.Debug|x64.ActiveCfg = Debug|x64
		{CCF8AE61-8510-43F3-14C1-FC4B834A2EC5}.Debug|x64.Build.0 = Debug|x64
		{CCF8AE61-8510-43F3-14C1-FC4B834A2EC5}.Release|x64.ActiveCfg = Release|x64
		{CCF8AE61-8510-43F3-14C1-FC4B834A2EC5}.Release|x64.Build.0 = Release|x64
	EndGlobalSection
	GlobalSection(SolutionProperties) = preSolution
		HideSolutionNode = FALSE
	EndGlobalSection
EndGlobal
